
Microsoft Visual Studio Solution File, Format Version 12.00
# Visual Studio 15
VisualStudioVersion = 15.0.28307.1259
MinimumVisualStudioVersion = 10.0.40219.1
Project("{FAE04EC0-301F-11D3-BF4B-00C04F79EFBC}") = "ConsoleApp2", "ConsoleApp2.csproj", "{B392EA50-9C0F-4644-ACB4-CDA436E1A606}"
EndProject
Global
	GlobalSection(SolutionConfigurationPlatforms) = preSolution
		Debug|Any CPU = Debug|Any CPU
		Release|Any CPU = Release|Any CPU
	EndGlobalSection
	GlobalSection(ProjectConfigurationPlatforms) = postSolution
		{B392EA50-9C0F-4644-ACB4-CDA436E1A606}.Debug|Any CPU.ActiveCfg = Debug|Any CPU
		{B392EA50-9C0F-4644-ACB4-CDA436E1A606}.Debug|Any CPU.Build.0 = Debug|Any CPU
		{B392EA50-9C0F-4644-ACB4-CDA436E1A606}.Release|Any CPU.ActiveCfg = Release|Any CPU
		{B392EA50-9C0F-4644-ACB4-CDA436E1A606}.Release|Any CPU.Build.0 = Release|Any CPU
	EndGlobalSection
	GlobalSection(SolutionProperties) = preSolution
		HideSolutionNode = FALSE
	EndGlobalSection
	GlobalSection(ExtensibilityGlobals) = postSolution
		SolutionGuid = {592D4423-92F7-4450-9C1F-71F49DA71C3B}
	EndGlobalSection
EndGlobal
